{
  "name": "thumbnailgen",
  "version": "2.0.0",
  "lockfileVersion": 3,
  "requires": true,
  "packages": {
    "": {
      "name": "thumbnailgen",
      "version": "2.0.0",
      "license": "Apache-2.0",
      "devDependencies": {
        "@types/aws-lambda": "^8.10.92"
      }
    },
    "node_modules/@types/aws-lambda": {
      "version": "8.10.160",
      "resolved": "https://registry.npmjs.org/@types/aws-lambda/-/aws-lambda-8.10.160.tgz",
      "integrity": "sha512-uoO4QVQNWFPJMh26pXtmtrRfGshPUSpMZGUyUQY20FhfHEElEBOPKgVmFs1z+kbpyBsRs2JnoOPT7++Z4GA9pA==",
      "dev": true,
      "license": "MIT"
    }
  }
}
