# THIS IS AN AUTOGENERATED FILE. DO NOT EDIT THIS FILE DIRECTLY.
# yarn lockfile v1


"@types/node@^8.0.53":
  version "8.10.17"
  resolved "https://registry.yarnpkg.com/@types/node/-/node-8.10.17.tgz#d48cf10f0dc6dcf59f827f5a3fc7a4a6004318d3"

cloudform@1.0:
  version "1.0.4"
  resolved "https://registry.yarnpkg.com/cloudform/-/cloudform-1.0.4.tgz#af0ac9e3b43e26416ae295fcf4d905f8edf194fd"
  dependencies:
    "@types/node" "^8.0.53"
    typescript "^2.6.1"

graphql@^0.13.2:
  version "0.13.2"
  resolved "https://registry.yarnpkg.com/graphql/-/graphql-0.13.2.tgz#4c740ae3c222823e7004096f832e7b93b2108270"
  dependencies:
    iterall "^1.2.1"

iterall@^1.2.1:
  version "1.2.2"
  resolved "https://registry.yarnpkg.com/iterall/-/iterall-1.2.2.tgz#92d70deb8028e0c39ff3164fdbf4d8b088130cd7"

typescript@^2.6.1:
  version "2.8.3"
  resolved "https://registry.yarnpkg.com/typescript/-/typescript-2.8.3.tgz#5d817f9b6f31bb871835f4edf0089f21abe6c170"
