{
	"requires": true,
	"lockfileVersion": 1,
	"dependencies": {
		"aws-sdk": {
			"version": "2.257.1",
			"resolved": "https://registry.npmjs.org/aws-sdk/-/aws-sdk-2.257.1.tgz",
			"integrity": "sha512-Bfzm8DoGFxW3oegCbKwid67TNUmF3Tn3v+ynCI0YauEiDw7t0lKwzJ2NrFOHh2G00cNN/evMhFHBP7TGN/LVfQ==",
			"requires": {
				"buffer": "4.9.1",
				"events": "1.1.1",
				"ieee754": "1.1.8",
				"jmespath": "0.15.0",
				"querystring": "0.2.0",
				"sax": "1.2.1",
				"url": "0.10.3",
				"uuid": "3.1.0",
				"xml2js": "0.4.17"
			}
		},
		"base64-js": {
			"version": "1.3.0",
			"resolved": "https://registry.npmjs.org/base64-js/-/base64-js-1.3.0.tgz",
			"integrity": "sha512-ccav/yGvoa80BQDljCxsmmQ3Xvx60/UpBIij5QN21W3wBi/hhIC9OoO+KLpu9IJTS9j4DRVJ3aDDF9cMSoa2lw=="
		},
		"buffer": {
			"version": "4.9.1",
			"resolved": "https://registry.npmjs.org/buffer/-/buffer-4.9.1.tgz",
			"integrity": "sha1-bRu2AbB6TvztlwlBMgkwJ8lbwpg=",
			"requires": {
				"base64-js": "1.3.0",
				"ieee754": "1.1.8",
				"isarray": "1.0.0"
			}
		},
		"events": {
			"version": "1.1.1",
			"resolved": "https://registry.npmjs.org/events/-/events-1.1.1.tgz",
			"integrity": "sha1-nr23Y1rQmccNzEwqH1AEKI6L2SQ="
		},
		"fs-extra": {
			"version": "4.0.3",
			"resolved": "https://registry.npmjs.org/fs-extra/-/fs-extra-4.0.3.tgz",
			"integrity": "sha512-q6rbdDd1o2mAnQreO7YADIxf/Whx4AHBiRf6d+/cVT8h44ss+lHgxf1FemcqDnQt9X3ct4McHr+JMGlYSsK7Cg==",
			"requires": {
				"graceful-fs": "4.1.11",
				"jsonfile": "4.0.0",
				"universalify": "0.1.1"
			}
		},
		"graceful-fs": {
			"version": "4.1.11",
			"resolved": "https://registry.npmjs.org/graceful-fs/-/graceful-fs-4.1.11.tgz",
			"integrity": "sha1-Dovf5NHduIVNZOBOp8AOKgJuVlg="
		},
		"ieee754": {
			"version": "1.1.8",
			"resolved": "https://registry.npmjs.org/ieee754/-/ieee754-1.1.8.tgz",
			"integrity": "sha1-vjPUCsEO8ZJnAfbwii2G+/0a0+Q="
		},
		"inherits": {
			"version": "2.0.3",
			"resolved": "https://registry.npmjs.org/inherits/-/inherits-2.0.3.tgz",
			"integrity": "sha1-Yzwsg+PaQqUC9SRmAiSA9CCCYd4="
		},
		"isarray": {
			"version": "1.0.0",
			"resolved": "https://registry.npmjs.org/isarray/-/isarray-1.0.0.tgz",
			"integrity": "sha1-u5NdSFgsuhaMBoNJV6VKPgcSTxE="
		},
		"jmespath": {
			"version": "0.15.0",
			"resolved": "https://registry.npmjs.org/jmespath/-/jmespath-0.15.0.tgz",
			"integrity": "sha1-o/Iiqarp+Wb10nx5ZRDigJF2Qhc="
		},
		"jsonfile": {
			"version": "4.0.0",
			"resolved": "https://registry.npmjs.org/jsonfile/-/jsonfile-4.0.0.tgz",
			"integrity": "sha1-h3Gq4HmbZAdrdmQPygWPnBDjPss=",
			"requires": {
				"graceful-fs": "4.1.11"
			}
		},
		"lodash": {
			"version": "4.17.10",
			"resolved": "https://registry.npmjs.org/lodash/-/lodash-4.17.10.tgz",
			"integrity": "sha512-UejweD1pDoXu+AD825lWwp4ZGtSwgnpZxb3JDViD7StjQz+Nb/6l093lx4OQ0foGWNRoc19mWy7BzL+UAK2iVg=="
		},
		"moment": {
			"version": "2.22.2",
			"resolved": "https://registry.npmjs.org/moment/-/moment-2.22.2.tgz",
			"integrity": "sha1-PCV/mDn8DpP/UxSWMiOeuQeD/2Y="
		},
		"path": {
			"version": "0.12.7",
			"resolved": "https://registry.npmjs.org/path/-/path-0.12.7.tgz",
			"integrity": "sha1-1NwqUGxM4hl+tIHr/NWzbAFAsQ8=",
			"requires": {
				"process": "0.11.10",
				"util": "0.10.4"
			}
		},
		"process": {
			"version": "0.11.10",
			"resolved": "https://registry.npmjs.org/process/-/process-0.11.10.tgz",
			"integrity": "sha1-czIwDoQBYb2j5podHZGn1LwW8YI="
		},
		"punycode": {
			"version": "1.3.2",
			"resolved": "https://registry.npmjs.org/punycode/-/punycode-1.3.2.tgz",
			"integrity": "sha1-llOgNvt8HuQjQvIyXM7v6jkmxI0="
		},
		"querystring": {
			"version": "0.2.0",
			"resolved": "https://registry.npmjs.org/querystring/-/querystring-0.2.0.tgz",
			"integrity": "sha1-sgmEkgO7Jd+CDadW50cAWHhSFiA="
		},
		"sax": {
			"version": "1.2.1",
			"resolved": "https://registry.npmjs.org/sax/-/sax-1.2.1.tgz",
			"integrity": "sha1-e45lYZCyKOgaZq6nSEgNgozS03o="
		},
		"shortid": {
			"version": "2.2.8",
			"resolved": "https://registry.npmjs.org/shortid/-/shortid-2.2.8.tgz",
			"integrity": "sha1-AzsRfWoul1gE9vCWnb59PQs1UTE="
		},
		"universalify": {
			"version": "0.1.1",
			"resolved": "https://registry.npmjs.org/universalify/-/universalify-0.1.1.tgz",
			"integrity": "sha1-+nG63UQ3r0wUiEHjs7Fl+enlkLc="
		},
		"url": {
			"version": "0.10.3",
			"resolved": "https://registry.npmjs.org/url/-/url-0.10.3.tgz",
			"integrity": "sha1-Ah5NnHcF8hu/N9A861h2dAJ3TGQ=",
			"requires": {
				"punycode": "1.3.2",
				"querystring": "0.2.0"
			}
		},
		"util": {
			"version": "0.10.4",
			"resolved": "https://registry.npmjs.org/util/-/util-0.10.4.tgz",
			"integrity": "sha512-0Pm9hTQ3se5ll1XihRic3FDIku70C+iHUdT/W926rSgHV5QgXsYbKZN8MSC3tJtSkhuROzvsQjAaFENRXr+19A==",
			"requires": {
				"inherits": "2.0.3"
			}
		},
		"uuid": {
			"version": "3.1.0",
			"resolved": "https://registry.npmjs.org/uuid/-/uuid-3.1.0.tgz",
			"integrity": "sha512-DIWtzUkw04M4k3bf1IcpS2tngXEL26YUD2M0tMDUpnUrz2hgzUBlD55a4FjdLGPvfHxS6uluGWvaVEqgBcVa+g=="
		},
		"xml2js": {
			"version": "0.4.17",
			"resolved": "https://registry.npmjs.org/xml2js/-/xml2js-0.4.17.tgz",
			"integrity": "sha1-F76T6q4/O3eTWceVtBlwWogX6Gg=",
			"requires": {
				"sax": "1.2.1",
				"xmlbuilder": "4.2.1"
			}
		},
		"xmlbuilder": {
			"version": "4.2.1",
			"resolved": "https://registry.npmjs.org/xmlbuilder/-/xmlbuilder-4.2.1.tgz",
			"integrity": "sha1-qlijBBoGb5DqoWwvU4n/GfP0YaU=",
			"requires": {
				"lodash": "4.17.10"
			}
		}
	}
}
