# THIS IS AN AUTOGENERATED FILE. DO NOT EDIT THIS FILE DIRECTLY.
# yarn lockfile v1


"@aws-cdk/assets@1.149.0":
  version "1.149.0"
  resolved "https://registry.npmjs.org/@aws-cdk/assets/-/assets-1.149.0.tgz#0bc1e22cfaef546613e22e22de32e57683844bb5"
  integrity sha512-kfRmDznIlxwh6bZDoty+NwyH5MaSTKg7CAwVAXq0kTE6oQhIW08dUXF79xC90cpDrSvTFrdyWMeyDtrpBj3xIA==
  dependencies:
    "@aws-cdk/core" "1.149.0"
    "@aws-cdk/cx-api" "1.149.0"
    constructs "^3.3.69"

"@aws-cdk/aws-acmpca@1.149.0":
  version "1.149.0"
  resolved "https://registry.npmjs.org/@aws-cdk/aws-acmpca/-/aws-acmpca-1.149.0.tgz#323fb311ed88380a824c0a401d00011856c0cfe4"
  integrity sha512-369/7wHYDRbszDLCHTxAvSDFKfwkJ7D6Xw7QjUs3N2zIK8DEmvoWANqg/+t5X2LduBySRYKDzraYREbMYNrJPA==
  dependencies:
    "@aws-cdk/core" "1.149.0"
    constructs "^3.3.69"

"@aws-cdk/aws-apigateway@~1.149.0":
  version "1.149.0"
  resolved "https://registry.npmjs.org/@aws-cdk/aws-apigateway/-/aws-apigateway-1.149.0.tgz#5401df38a7aae592494bc893d55aac48bd6c57dd"
  integrity sha512-NvDS9G4KZzttha0ofE0vjvJKZpJungwgENfwMgZo4ar/B6K5wEmrVcgKOYwWpVVY+KlyNZ2oxnbt51PUtnT4eA==
  dependencies:
    "@aws-cdk/aws-certificatemanager" "1.149.0"
    "@aws-cdk/aws-cloudwatch" "1.149.0"
    "@aws-cdk/aws-cognito" "1.149.0"
    "@aws-cdk/aws-ec2" "1.149.0"
    "@aws-cdk/aws-elasticloadbalancingv2" "1.149.0"
    "@aws-cdk/aws-iam" "1.149.0"
    "@aws-cdk/aws-lambda" "1.149.0"
    "@aws-cdk/aws-logs" "1.149.0"
    "@aws-cdk/aws-s3" "1.149.0"
    "@aws-cdk/aws-s3-assets" "1.149.0"
    "@aws-cdk/aws-stepfunctions" "1.149.0"
    "@aws-cdk/core" "1.149.0"
    "@aws-cdk/cx-api" "1.149.0"
    constructs "^3.3.69"

"@aws-cdk/aws-applicationautoscaling@1.149.0":
  version "1.149.0"
  resolved "https://registry.npmjs.org/@aws-cdk/aws-applicationautoscaling/-/aws-applicationautoscaling-1.149.0.tgz#66a8decf07a7c1790150f6d82be1d5d2fdad80e1"
  integrity sha512-O3rVDTS7xV3Cbj9K3hZRM6ZVh22N3xembFSQMkixzzPUSCx0YTpoVl52rhoxdndxzOrQesif85qRDeKqgIppZA==
  dependencies:
    "@aws-cdk/aws-autoscaling-common" "1.149.0"
    "@aws-cdk/aws-cloudwatch" "1.149.0"
    "@aws-cdk/aws-iam" "1.149.0"
    "@aws-cdk/core" "1.149.0"
    constructs "^3.3.69"

"@aws-cdk/aws-autoscaling-common@1.149.0":
  version "1.149.0"
  resolved "https://registry.npmjs.org/@aws-cdk/aws-autoscaling-common/-/aws-autoscaling-common-1.149.0.tgz#8fe192192cf6036ea6a4b656a3abbf65e11c35b2"
  integrity sha512-Fnxudsy/oAvjiyakzbV10BWqDEUdgVA6VsHP2CGvQDgyHUaKJMy1tXTzX1ZMia0DEoTrlohwoIQAooVI57xmIw==
  dependencies:
    "@aws-cdk/aws-iam" "1.149.0"
    "@aws-cdk/core" "1.149.0"
    constructs "^3.3.69"

"@aws-cdk/aws-certificatemanager@1.149.0":
  version "1.149.0"
  resolved "https://registry.npmjs.org/@aws-cdk/aws-certificatemanager/-/aws-certificatemanager-1.149.0.tgz#969ba328948cc9c2125149023a9dd156b8ad7def"
  integrity sha512-Z1y+W2NXfdTs4jFOKJ8U69Oxx+Jfm+xDBEJW6NfM6qmCF47gNEZ9bQof9XnobK5Xy0DAPeS+jSRve9CRHqIMSg==
  dependencies:
    "@aws-cdk/aws-acmpca" "1.149.0"
    "@aws-cdk/aws-cloudwatch" "1.149.0"
    "@aws-cdk/aws-iam" "1.149.0"
    "@aws-cdk/aws-lambda" "1.149.0"
    "@aws-cdk/aws-route53" "1.149.0"
    "@aws-cdk/core" "1.149.0"
    constructs "^3.3.69"

"@aws-cdk/aws-cloudformation@1.149.0":
  version "1.149.0"
  resolved "https://registry.npmjs.org/@aws-cdk/aws-cloudformation/-/aws-cloudformation-1.149.0.tgz#aa429935b622b49be41ebaff073789d4de19a81a"
  integrity sha512-eECw/mQHW5yxv/KgihRO+HL0+58OPJFCf7t2EoVfMuU+kkqJn9InD5n7bCiFjHzXJIa02pnz2z0CCbJOsYwIQQ==
  dependencies:
    "@aws-cdk/aws-iam" "1.149.0"
    "@aws-cdk/aws-lambda" "1.149.0"
    "@aws-cdk/aws-s3" "1.149.0"
    "@aws-cdk/aws-sns" "1.149.0"
    "@aws-cdk/core" "1.149.0"
    "@aws-cdk/cx-api" "1.149.0"
    constructs "^3.3.69"

"@aws-cdk/aws-cloudwatch@1.149.0":
  version "1.149.0"
  resolved "https://registry.npmjs.org/@aws-cdk/aws-cloudwatch/-/aws-cloudwatch-1.149.0.tgz#b6fcd55bc61c35d2799607f4b0ae68193330fc0e"
  integrity sha512-oWLWk+7UIyqDAyRVQqMwS6aDi8Tnusj4zBQz9dirwJeDPhjounSTczgeAIhsBvfou4KIAVpwidi9/FcGWWnyHQ==
  dependencies:
    "@aws-cdk/aws-iam" "1.149.0"
    "@aws-cdk/core" "1.149.0"
    constructs "^3.3.69"

"@aws-cdk/aws-codeguruprofiler@1.149.0":
  version "1.149.0"
  resolved "https://registry.npmjs.org/@aws-cdk/aws-codeguruprofiler/-/aws-codeguruprofiler-1.149.0.tgz#d86f84ed0fccb5b8a526bad52eaaf68fd1a5b421"
  integrity sha512-zp2JpbClq1mP21g0IO6B84uTQFAzm7ighl+kcq9Np/cEQ3Wkej3bcJn7+b3pSk2Qz7nf2h+ot2B9pYiJnKp/rw==
  dependencies:
    "@aws-cdk/aws-iam" "1.149.0"
    "@aws-cdk/core" "1.149.0"
    constructs "^3.3.69"

"@aws-cdk/aws-codestarnotifications@1.149.0":
  version "1.149.0"
  resolved "https://registry.npmjs.org/@aws-cdk/aws-codestarnotifications/-/aws-codestarnotifications-1.149.0.tgz#fe5aa7e01f90f11ab46fa9d01fcaea6d414c93a1"
  integrity sha512-ZnmhuDu21FTZX+tAvR79nLiMQD6qy27KDEKQpNgm0r7cuEm/BHucI3slWcso8I30vXWRjCoFz31R7gyhrAjh2Q==
  dependencies:
    "@aws-cdk/core" "1.149.0"
    constructs "^3.3.69"

"@aws-cdk/aws-cognito@1.149.0":
  version "1.149.0"
  resolved "https://registry.npmjs.org/@aws-cdk/aws-cognito/-/aws-cognito-1.149.0.tgz#031a14aca6b9839dc8004a97d50e93c957f4d123"
  integrity sha512-bHJu/63gEVEw/+UGWK4ycIdDuzoDqAg0lqmyur++gCN068KRpMv4Oc07VcE55m3jHv2orP954LLvYYli9f+ofg==
  dependencies:
    "@aws-cdk/aws-certificatemanager" "1.149.0"
    "@aws-cdk/aws-iam" "1.149.0"
    "@aws-cdk/aws-kms" "1.149.0"
    "@aws-cdk/aws-lambda" "1.149.0"
    "@aws-cdk/core" "1.149.0"
    "@aws-cdk/custom-resources" "1.149.0"
    constructs "^3.3.69"
    punycode "^2.1.1"

"@aws-cdk/aws-ec2@1.149.0":
  version "1.149.0"
  resolved "https://registry.npmjs.org/@aws-cdk/aws-ec2/-/aws-ec2-1.149.0.tgz#6c0a85948d4201150e715dde5874314913e8556c"
  integrity sha512-O/l/FveFlI87AlsqoXmoNtmUjZm2uq4aNARqr4ljNtL1cY4+41dz6cXoN7FqzSV2p4XVA5b1IUT8ElMaHLYzAA==
  dependencies:
    "@aws-cdk/aws-cloudwatch" "1.149.0"
    "@aws-cdk/aws-iam" "1.149.0"
    "@aws-cdk/aws-kms" "1.149.0"
    "@aws-cdk/aws-logs" "1.149.0"
    "@aws-cdk/aws-s3" "1.149.0"
    "@aws-cdk/aws-s3-assets" "1.149.0"
    "@aws-cdk/aws-ssm" "1.149.0"
    "@aws-cdk/cloud-assembly-schema" "1.149.0"
    "@aws-cdk/core" "1.149.0"
    "@aws-cdk/cx-api" "1.149.0"
    "@aws-cdk/region-info" "1.149.0"
    constructs "^3.3.69"

"@aws-cdk/aws-ecr-assets@1.149.0":
  version "1.149.0"
  resolved "https://registry.npmjs.org/@aws-cdk/aws-ecr-assets/-/aws-ecr-assets-1.149.0.tgz#7d2e8ccb5caf8206c920f3250253f2b1f6b84956"
  integrity sha512-vM2xdLmzfT+PSz5wKYoN8SHiJiyFhxpMYGHbQWzTcYWurQq2ba/wgPy/vJ0w4+PqWynRbL6QthmBXE5VqBIqVw==
  dependencies:
    "@aws-cdk/assets" "1.149.0"
    "@aws-cdk/aws-ecr" "1.149.0"
    "@aws-cdk/aws-iam" "1.149.0"
    "@aws-cdk/aws-s3" "1.149.0"
    "@aws-cdk/core" "1.149.0"
    "@aws-cdk/cx-api" "1.149.0"
    constructs "^3.3.69"

"@aws-cdk/aws-ecr@1.149.0":
  version "1.149.0"
  resolved "https://registry.npmjs.org/@aws-cdk/aws-ecr/-/aws-ecr-1.149.0.tgz#4b89f93f4a4b87f5c3fcd67bd1def696a82b2c40"
  integrity sha512-yd3ooSIp3byMNhHL/kLMJrJ7E08BFS8FJI6fkgvOnqtxys3oeAPNa0+3xlr10AzHkuimby4+ZHOU7PPRRCjdnw==
  dependencies:
    "@aws-cdk/aws-events" "1.149.0"
    "@aws-cdk/aws-iam" "1.149.0"
    "@aws-cdk/aws-kms" "1.149.0"
    "@aws-cdk/core" "1.149.0"
    constructs "^3.3.69"

"@aws-cdk/aws-efs@1.149.0":
  version "1.149.0"
  resolved "https://registry.npmjs.org/@aws-cdk/aws-efs/-/aws-efs-1.149.0.tgz#b715105b7d6a7d6a83bc180cd9b59e12f7e2e1f9"
  integrity sha512-VErqEWR81ksES2E3YGIufUeQ5SRLTuk61iNxJrnXVgpSpjBEXCi/S8OA88YgN6wbbagriLSuFMCLkz+RT2bSVg==
  dependencies:
    "@aws-cdk/aws-ec2" "1.149.0"
    "@aws-cdk/aws-iam" "1.149.0"
    "@aws-cdk/aws-kms" "1.149.0"
    "@aws-cdk/cloud-assembly-schema" "1.149.0"
    "@aws-cdk/core" "1.149.0"
    "@aws-cdk/cx-api" "1.149.0"
    constructs "^3.3.69"

"@aws-cdk/aws-elasticloadbalancingv2@1.149.0":
  version "1.149.0"
  resolved "https://registry.npmjs.org/@aws-cdk/aws-elasticloadbalancingv2/-/aws-elasticloadbalancingv2-1.149.0.tgz#b5c470ae26d003e87c75ba689a87438d5bd34368"
  integrity sha512-OJAi8URdRL6fg7jrolOKiRJ5zcd/UIZoy9f2xOlUbT7z3HqnVYQWz7DPUjO9G+mUB/Wlf5ieNSus2cSPAZE1OQ==
  dependencies:
    "@aws-cdk/aws-certificatemanager" "1.149.0"
    "@aws-cdk/aws-cloudwatch" "1.149.0"
    "@aws-cdk/aws-ec2" "1.149.0"
    "@aws-cdk/aws-iam" "1.149.0"
    "@aws-cdk/aws-lambda" "1.149.0"
    "@aws-cdk/aws-s3" "1.149.0"
    "@aws-cdk/cloud-assembly-schema" "1.149.0"
    "@aws-cdk/core" "1.149.0"
    "@aws-cdk/cx-api" "1.149.0"
    "@aws-cdk/region-info" "1.149.0"
    constructs "^3.3.69"

"@aws-cdk/aws-events@1.149.0":
  version "1.149.0"
  resolved "https://registry.npmjs.org/@aws-cdk/aws-events/-/aws-events-1.149.0.tgz#269f61707ca12e3b2ed5a4c9b76af13b4ab1f314"
  integrity sha512-rzlh93MbxeXkBQNWKRzikJ57cC3wOXFzb3kEIyKfZ196zjGCZPjF31Dbt+N/3xHisMzsUbX8TU9ZhlOkS6PB1Q==
  dependencies:
    "@aws-cdk/aws-iam" "1.149.0"
    "@aws-cdk/core" "1.149.0"
    constructs "^3.3.69"

"@aws-cdk/aws-iam@1.149.0":
  version "1.149.0"
  resolved "https://registry.npmjs.org/@aws-cdk/aws-iam/-/aws-iam-1.149.0.tgz#c6373fab93d95c9ba8c84146c1de79b51a5e8b34"
  integrity sha512-jAMEHvPlVJvhohhS6wqaxaOoce5GqvQ9SM+4cKdmitUKL5hc9q2/qweM1wOdUe/qrXC6hNQLuTVqQlDP7n6dDw==
  dependencies:
    "@aws-cdk/core" "1.149.0"
    "@aws-cdk/region-info" "1.149.0"
    constructs "^3.3.69"

"@aws-cdk/aws-kms@1.149.0":
  version "1.149.0"
  resolved "https://registry.npmjs.org/@aws-cdk/aws-kms/-/aws-kms-1.149.0.tgz#af905fd58a7dab3b66972ab8a40ddf5b6900074f"
  integrity sha512-B0WR30XWILTqb4MNIczE/NEC7MhPs6nYB52EphtbA4oGslsnLpekIJTJMQH0ItetT8zMH00RJ65rMQqMZgoAhw==
  dependencies:
    "@aws-cdk/aws-iam" "1.149.0"
    "@aws-cdk/cloud-assembly-schema" "1.149.0"
    "@aws-cdk/core" "1.149.0"
    "@aws-cdk/cx-api" "1.149.0"
    constructs "^3.3.69"

"@aws-cdk/aws-lambda@1.149.0", "@aws-cdk/aws-lambda@~1.149.0":
  version "1.149.0"
  resolved "https://registry.npmjs.org/@aws-cdk/aws-lambda/-/aws-lambda-1.149.0.tgz#cd53c6e0caf1ccb8680f2ba7ef499412f4bee1b1"
  integrity sha512-HigUB6JQjnimy68+7BYVmjt3F7BUhWv5G2eASopRSRzKvJsQETy63IQ1OC6Pgq6PP2aKU+SRCfPNTCfSxsxP9Q==
  dependencies:
    "@aws-cdk/aws-applicationautoscaling" "1.149.0"
    "@aws-cdk/aws-cloudwatch" "1.149.0"
    "@aws-cdk/aws-codeguruprofiler" "1.149.0"
    "@aws-cdk/aws-ec2" "1.149.0"
    "@aws-cdk/aws-ecr" "1.149.0"
    "@aws-cdk/aws-ecr-assets" "1.149.0"
    "@aws-cdk/aws-efs" "1.149.0"
    "@aws-cdk/aws-events" "1.149.0"
    "@aws-cdk/aws-iam" "1.149.0"
    "@aws-cdk/aws-kms" "1.149.0"
    "@aws-cdk/aws-logs" "1.149.0"
    "@aws-cdk/aws-s3" "1.149.0"
    "@aws-cdk/aws-s3-assets" "1.149.0"
    "@aws-cdk/aws-signer" "1.149.0"
    "@aws-cdk/aws-sns" "1.149.0"
    "@aws-cdk/aws-sqs" "1.149.0"
    "@aws-cdk/core" "1.149.0"
    "@aws-cdk/cx-api" "1.149.0"
    "@aws-cdk/region-info" "1.149.0"
    constructs "^3.3.69"

"@aws-cdk/aws-logs@1.149.0":
  version "1.149.0"
  resolved "https://registry.npmjs.org/@aws-cdk/aws-logs/-/aws-logs-1.149.0.tgz#cd2985a8576f1a963750eaa9d0d99c7d64ca37a7"
  integrity sha512-QR2qyvMJ+nH7G+6zB7dpX8cZVUtpiwYEOwRUFZXMNLv0lFrUQ7ISjUMilhGA6UhiB1pdhc9tQGqxWp3xWNVp+Q==
  dependencies:
    "@aws-cdk/aws-cloudwatch" "1.149.0"
    "@aws-cdk/aws-iam" "1.149.0"
    "@aws-cdk/aws-kms" "1.149.0"
    "@aws-cdk/aws-s3-assets" "1.149.0"
    "@aws-cdk/core" "1.149.0"
    "@aws-cdk/cx-api" "1.149.0"
    constructs "^3.3.69"

"@aws-cdk/aws-route53@1.149.0":
  version "1.149.0"
  resolved "https://registry.npmjs.org/@aws-cdk/aws-route53/-/aws-route53-1.149.0.tgz#ca8a9bbea7aa52e40bee5499b2a879a26081718f"
  integrity sha512-p0ZFUuvaYYT8QMEYsQpa/04KLSiDPcO3DozHReNB6aY/bFWZFOyr8fS7QWuHBKpazBfFaDt7n6KBzmn9QmTHXQ==
  dependencies:
    "@aws-cdk/aws-ec2" "1.149.0"
    "@aws-cdk/aws-iam" "1.149.0"
    "@aws-cdk/aws-logs" "1.149.0"
    "@aws-cdk/cloud-assembly-schema" "1.149.0"
    "@aws-cdk/core" "1.149.0"
    "@aws-cdk/custom-resources" "1.149.0"
    constructs "^3.3.69"

"@aws-cdk/aws-s3-assets@1.149.0":
  version "1.149.0"
  resolved "https://registry.npmjs.org/@aws-cdk/aws-s3-assets/-/aws-s3-assets-1.149.0.tgz#b2546c39904a3b87916bdb732cd5ea58583ca6ec"
  integrity sha512-JPycrQsZ3RG3sjWdhq40L1Jd959J+sDPX9LwV1HdqwesgAXOewf24cBe938rJGvnhKowp5SEawrUhn+w1urSsA==
  dependencies:
    "@aws-cdk/assets" "1.149.0"
    "@aws-cdk/aws-iam" "1.149.0"
    "@aws-cdk/aws-kms" "1.149.0"
    "@aws-cdk/aws-s3" "1.149.0"
    "@aws-cdk/core" "1.149.0"
    "@aws-cdk/cx-api" "1.149.0"
    constructs "^3.3.69"

"@aws-cdk/aws-s3@1.149.0":
  version "1.149.0"
  resolved "https://registry.npmjs.org/@aws-cdk/aws-s3/-/aws-s3-1.149.0.tgz#851ee67a60a66e46eafb6201cd2da3fb6e58589c"
  integrity sha512-HaGXoPjVdNShOeXODKFoD6o099is8osJVRrWQtXUOqmSRIvmvP8/WK/cvnNQIhfLb/zZ9kpjdhtHOjhrRnz/oQ==
  dependencies:
    "@aws-cdk/aws-events" "1.149.0"
    "@aws-cdk/aws-iam" "1.149.0"
    "@aws-cdk/aws-kms" "1.149.0"
    "@aws-cdk/core" "1.149.0"
    "@aws-cdk/cx-api" "1.149.0"
    constructs "^3.3.69"

"@aws-cdk/aws-signer@1.149.0":
  version "1.149.0"
  resolved "https://registry.npmjs.org/@aws-cdk/aws-signer/-/aws-signer-1.149.0.tgz#4db0271ba8c6da35bcfd512a4370cf1711dceccd"
  integrity sha512-8vA9jU0M/cP2fEPgG1xGg1Hjvc3jMG9+9PvZuVM+S+HIgvrortWjHQvearTfF9sRV7zJ39FWjJ/LAgIRUgs/Xg==
  dependencies:
    "@aws-cdk/core" "1.149.0"
    constructs "^3.3.69"

"@aws-cdk/aws-sns@1.149.0":
  version "1.149.0"
  resolved "https://registry.npmjs.org/@aws-cdk/aws-sns/-/aws-sns-1.149.0.tgz#7215e8166491cd15736e92a71aae5bc34cf64494"
  integrity sha512-8maDPmCd04tHSB3glKxprG1tsY2+93EegdgtcWLwzWYGTloLPwRxOpUg9/feRZwse1sami2+2uiCjj6cl5hmuA==
  dependencies:
    "@aws-cdk/aws-cloudwatch" "1.149.0"
    "@aws-cdk/aws-codestarnotifications" "1.149.0"
    "@aws-cdk/aws-events" "1.149.0"
    "@aws-cdk/aws-iam" "1.149.0"
    "@aws-cdk/aws-kms" "1.149.0"
    "@aws-cdk/aws-sqs" "1.149.0"
    "@aws-cdk/core" "1.149.0"
    constructs "^3.3.69"

"@aws-cdk/aws-sqs@1.149.0":
  version "1.149.0"
  resolved "https://registry.npmjs.org/@aws-cdk/aws-sqs/-/aws-sqs-1.149.0.tgz#c81058e611a06cb39c60e82f34728230e3de6c55"
  integrity sha512-IH6WR6sZHwvI0/cv0VGNK0PmIfmo5cYrrA5G9J/3P9oxm4wYPGHC5WAiyo/JaigjGCPOTypPVoEJh/6ZnAIIkQ==
  dependencies:
    "@aws-cdk/aws-cloudwatch" "1.149.0"
    "@aws-cdk/aws-iam" "1.149.0"
    "@aws-cdk/aws-kms" "1.149.0"
    "@aws-cdk/core" "1.149.0"
    constructs "^3.3.69"

"@aws-cdk/aws-ssm@1.149.0":
  version "1.149.0"
  resolved "https://registry.npmjs.org/@aws-cdk/aws-ssm/-/aws-ssm-1.149.0.tgz#38566310135467376b73bdfad8f83775b7d163fb"
  integrity sha512-keaJg6wTNL8YiOm6rXsuKj7PCQGaYy63GhxMB+x4vT0E/WaoshtS10BeD42fwUp31fMIT3ZMHKCISVRC7ng2qA==
  dependencies:
    "@aws-cdk/aws-iam" "1.149.0"
    "@aws-cdk/aws-kms" "1.149.0"
    "@aws-cdk/cloud-assembly-schema" "1.149.0"
    "@aws-cdk/core" "1.149.0"
    constructs "^3.3.69"

"@aws-cdk/aws-stepfunctions@1.149.0":
  version "1.149.0"
  resolved "https://registry.npmjs.org/@aws-cdk/aws-stepfunctions/-/aws-stepfunctions-1.149.0.tgz#d1606d799298386d2591f65d5abd330d0af433cd"
  integrity sha512-neDhqySRhbflLp8nmByKRSDzszpVan9WoU7xSOPCQHRcd7xBOooQIVXqb5EnKW16vUFf4PtbSeKlByypCLKJpQ==
  dependencies:
    "@aws-cdk/aws-cloudwatch" "1.149.0"
    "@aws-cdk/aws-events" "1.149.0"
    "@aws-cdk/aws-iam" "1.149.0"
    "@aws-cdk/aws-logs" "1.149.0"
    "@aws-cdk/aws-s3" "1.149.0"
    "@aws-cdk/core" "1.149.0"
    constructs "^3.3.69"

"@aws-cdk/cloud-assembly-schema@1.149.0":
  version "1.149.0"
  resolved "https://registry.npmjs.org/@aws-cdk/cloud-assembly-schema/-/cloud-assembly-schema-1.149.0.tgz#c058b5a1794713cfa7ce8ccb4d26d38c56efa079"
  integrity sha512-PR8rU8O/vjbj+S4pcldAH5+byMVX33zgU7gS4lNoeTenBDa0EMJT8GLZemTrAkOsw1P/XUdedIEtohlKk946Qw==
  dependencies:
    jsonschema "^1.4.0"
    semver "^7.3.5"

"@aws-cdk/core@1.149.0", "@aws-cdk/core@~1.149.0":
  version "1.149.0"
  resolved "https://registry.npmjs.org/@aws-cdk/core/-/core-1.149.0.tgz#8c491e353885482f0083db022ccfe6a1e5bb067a"
  integrity sha512-7DogiUWgdquGaEZ+7SIOmomtcIJsaAGOxtYbwXut2EBZWihs1FkH5rnhH31D43WnOLim9cX8XWDsEPrPMREyvg==
  dependencies:
    "@aws-cdk/cloud-assembly-schema" "1.149.0"
    "@aws-cdk/cx-api" "1.149.0"
    "@aws-cdk/region-info" "1.149.0"
    "@balena/dockerignore" "^1.0.2"
    constructs "^3.3.69"
    fs-extra "^9.1.0"
    ignore "^5.2.0"
    minimatch "^3.1.2"

"@aws-cdk/custom-resources@1.149.0":
  version "1.149.0"
  resolved "https://registry.npmjs.org/@aws-cdk/custom-resources/-/custom-resources-1.149.0.tgz#abd5e6107def271c025c6b6a3de2397924f4d253"
  integrity sha512-s5dbcfV0wdrmEP3eKwyyprn9Q8NdEdRQFzxdaEOXemsw+A7E13ANQpdKtH4pKN6hT3lv56YlRiIYj6dcwYfnTg==
  dependencies:
    "@aws-cdk/aws-cloudformation" "1.149.0"
    "@aws-cdk/aws-ec2" "1.149.0"
    "@aws-cdk/aws-iam" "1.149.0"
    "@aws-cdk/aws-lambda" "1.149.0"
    "@aws-cdk/aws-logs" "1.149.0"
    "@aws-cdk/aws-sns" "1.149.0"
    "@aws-cdk/core" "1.149.0"
    constructs "^3.3.69"

"@aws-cdk/cx-api@1.149.0":
  version "1.149.0"
  resolved "https://registry.npmjs.org/@aws-cdk/cx-api/-/cx-api-1.149.0.tgz#08d5b6324bf32c091f753f98300b87efb8600f6d"
  integrity sha512-23ZAZqWfYI1pMr9njyT8G5R+Qoqkeq4eJyN2vxSBRacHQ8IGoeJDBDZESl3tuLz1XUHDfXP+1fTLPbu7lR6erw==
  dependencies:
    "@aws-cdk/cloud-assembly-schema" "1.149.0"
    semver "^7.3.5"

"@aws-cdk/region-info@1.149.0":
  version "1.149.0"
  resolved "https://registry.npmjs.org/@aws-cdk/region-info/-/region-info-1.149.0.tgz#ecda5fa78df89d9ff892c7a9824ae0c3da1647d4"
  integrity sha512-4ixV6DCDGw5C/duGnhT3nWnu5pbYrSXuxzYvhTrzWGbLoYFSUUwUCzeB39FXIQH5cE6zx+kw5GLxCvWDhBFuQw==

"@balena/dockerignore@^1.0.2":
  version "1.0.2"
  resolved "https://registry.npmjs.org/@balena/dockerignore/-/dockerignore-1.0.2.tgz#9ffe4726915251e8eb69f44ef3547e0da2c03e0d"
  integrity sha512-wMue2Sy4GAVTk6Ic4tJVcnfdau+gx2EnG7S+uAEe+TWJFqE4YoWN4/H8MSLj4eYJKxGg26lZwboEniNiNwZQ6Q==

"@types/node@^12.12.6":
  version "12.20.25"
  resolved "https://registry.npmjs.org/@types/node/-/node-12.20.25.tgz#882bea2ca0d2ec22126b92b4dd2dc24b35a07469"
  integrity sha512-hcTWqk7DR/HrN9Xe7AlJwuCaL13Vcd9/g/T54YrJz4Q3ESM5mr33YCzW2bOfzSIc3aZMeGBvbLGvgN6mIJ0I5Q==

at-least-node@^1.0.0:
  version "1.0.0"
  resolved "https://registry.npmjs.org/at-least-node/-/at-least-node-1.0.0.tgz#602cd4b46e844ad4effc92a8011a3c46e0238dc2"
  integrity sha512-+q/t7Ekv1EDY2l6Gda6LLiX14rU9TV20Wa3ofeQmwPFZbOMo9DXrLbOjFaaclkXKWidIaopwAObQDqwWtGUjqg==

aws-cdk@~1.149.0:
  version "1.149.0"
  resolved "https://registry.npmjs.org/aws-cdk/-/aws-cdk-1.149.0.tgz#641f184103404c46460d3b92336804bc9f42bdaf"
  integrity sha512-cxgOakLNUdRZanTmMviybt7J3CfCYixEjBYfQ3tQm7Vbo4w1RQvMB/obcg8yklttJy32tN31gZ6PwuTYvNBcnQ==
  optionalDependencies:
    fsevents "2.3.2"

balanced-match@^1.0.0:
  version "1.0.2"
  resolved "https://registry.npmjs.org/balanced-match/-/balanced-match-1.0.2.tgz#e83e3a7e3f300b34cb9d87f615fa0cbf357690ee"
  integrity sha512-3oSeUO0TMV67hN1AmbXsK4yaqU7tjiHlbxRDZOpH0KW9+CeX4bRAaX0Anxt0tx2MrpRpWwQaPwIlISEJhYU5Pw==

brace-expansion@^1.1.7:
  version "1.1.11"
  resolved "https://registry.npmjs.org/brace-expansion/-/brace-expansion-1.1.11.tgz#3c7fcbf529d87226f3d2f52b966ff5271eb441dd"
  integrity sha512-iCuPHDFgrHX7H2vEI/5xpz07zSHB00TpugqhmYtVmMO6518mCuRMoOYFldEBl0g187ufozdaHgWKcYFb61qGiA==
  dependencies:
    balanced-match "^1.0.0"
    concat-map "0.0.1"

concat-map@0.0.1:
  version "0.0.1"
  resolved "https://registry.npmjs.org/concat-map/-/concat-map-0.0.1.tgz#d8a96bd77fd68df7793a73036a3ba0d5405d477b"
  integrity sha1-2Klr13/Wjfd5OnMDajug1UBdR3s=

constructs@^3.3.69:
  version "3.3.147"
  resolved "https://registry.npmjs.org/constructs/-/constructs-3.3.147.tgz#0616cb1aeb7a916665a74ceae0a1b34b38386937"
  integrity sha512-xTSA87W5hscsHdFC2NcbJWALeMt8QWoCvVXRHPIuoBDDXdvBuNoqL2a5kY1yEWSMLQvBPnrDyinfz3twTX6dAw==

fs-extra@^9.1.0:
  version "9.1.0"
  resolved "https://registry.npmjs.org/fs-extra/-/fs-extra-9.1.0.tgz#5954460c764a8da2094ba3554bf839e6b9a7c86d"
  integrity sha512-hcg3ZmepS30/7BSFqRvoo3DOMQu7IjqxO5nCDt+zM9XWjb33Wg7ziNT+Qvqbuc3+gWpzO02JubVyk2G4Zvo1OQ==
  dependencies:
    at-least-node "^1.0.0"
    graceful-fs "^4.2.0"
    jsonfile "^6.0.1"
    universalify "^2.0.0"

fsevents@2.3.2:
  version "2.3.2"
  resolved "https://registry.npmjs.org/fsevents/-/fsevents-2.3.2.tgz#8a526f78b8fdf4623b709e0b975c52c24c02fd1a"
  integrity sha512-xiqMQR4xAeHTuB9uWm+fFRcIOgKBMiOBP+eXiyT7jsgVCq1bkVygt00oASowB7EdtpOHaaPgKt812P9ab+DDKA==

graceful-fs@^4.1.6, graceful-fs@^4.2.0:
  version "4.2.8"
  resolved "https://registry.npmjs.org/graceful-fs/-/graceful-fs-4.2.8.tgz#e412b8d33f5e006593cbd3cee6df9f2cebbe802a"
  integrity sha512-qkIilPUYcNhJpd33n0GBXTB1MMPp14TxEsEs0pTrsSVucApsYzW5V+Q8Qxhik6KU3evy+qkAAowTByymK0avdg==

ignore@^5.2.0:
  version "5.2.0"
  resolved "https://registry.npmjs.org/ignore/-/ignore-5.2.0.tgz#6d3bac8fa7fe0d45d9f9be7bac2fc279577e345a"
  integrity sha512-CmxgYGiEPCLhfLnpPp1MoRmifwEIOgjcHXxOBjv7mY96c+eWScsOP9c112ZyLdWHi0FxHjI+4uVhKYp/gcdRmQ==

jsonfile@^6.0.1:
  version "6.1.0"
  resolved "https://registry.npmjs.org/jsonfile/-/jsonfile-6.1.0.tgz#bc55b2634793c679ec6403094eb13698a6ec0aae"
  integrity sha512-5dgndWOriYSm5cnYaJNhalLNDKOqFwyDB/rr1E9ZsGciGvKPs8R2xYGCacuf3z6K1YKDz182fd+fY3cn3pMqXQ==
  dependencies:
    universalify "^2.0.0"
  optionalDependencies:
    graceful-fs "^4.1.6"

jsonschema@^1.4.0:
  version "1.4.0"
  resolved "https://registry.npmjs.org/jsonschema/-/jsonschema-1.4.0.tgz#1afa34c4bc22190d8e42271ec17ac8b3404f87b2"
  integrity sha512-/YgW6pRMr6M7C+4o8kS+B/2myEpHCrxO4PEWnqJNBFMjn7EWXqlQ4tGwL6xTHeRplwuZmcAncdvfOad1nT2yMw==

lru-cache@^6.0.0:
  version "6.0.0"
  resolved "https://registry.npmjs.org/lru-cache/-/lru-cache-6.0.0.tgz#6d6fe6570ebd96aaf90fcad1dafa3b2566db3a94"
  integrity sha512-Jo6dJ04CmSjuznwJSS3pUeWmd/H0ffTlkXXgwZi+eq1UCmqQwCh+eLsYOYCwY991i2Fah4h1BEMCx4qThGbsiA==
  dependencies:
    yallist "^4.0.0"

minimatch@^3.1.2:
  version "3.1.2"
  resolved "https://registry.npmjs.org/minimatch/-/minimatch-3.1.2.tgz#19cd194bfd3e428f049a70817c038d89ab4be35b"
  integrity sha512-J7p63hRiAjw1NDEww1W7i37+ByIrOWO5XQQAzZ3VOcL0PNybwpfmV/N05zFAzwQ9USyEcX6t3UO+K5aqBQOIHw==
  dependencies:
    brace-expansion "^1.1.7"

punycode@^2.1.1:
  version "2.1.1"
  resolved "https://registry.npmjs.org/punycode/-/punycode-2.1.1.tgz#b58b010ac40c22c5657616c8d2c2c02c7bf479ec"
  integrity sha512-XRsRjdf+j5ml+y/6GKHPZbrF/8p2Yga0JPtdqTIY2Xe5ohJPD9saDJJLPvp9+NSBprVvevdXZybnj2cv8OEd0A==

semver@^7.3.5:
  version "7.3.5"
  resolved "https://registry.npmjs.org/semver/-/semver-7.3.5.tgz#0b621c879348d8998e4b0e4be94b3f12e6018ef7"
  integrity sha512-PoeGJYh8HK4BTO/a9Tf6ZG3veo/A7ZVsYrSA6J8ny9nb3B1VrpkuN+z9OE5wfE5p6H4LchYZsegiQgbJD94ZFQ==
  dependencies:
    lru-cache "^6.0.0"

typescript@^3.8.3:
  version "3.9.10"
  resolved "https://registry.npmjs.org/typescript/-/typescript-3.9.10.tgz#70f3910ac7a51ed6bef79da7800690b19bf778b8"
  integrity sha512-w6fIxVE/H1PkLKcCPsFqKE7Kv7QUwhU8qQY2MueZXWx5cPZdwFupLgKK3vntcK98BtNHZtAF4LA/yl2a7k8R6Q==

universalify@^2.0.0:
  version "2.0.0"
  resolved "https://registry.npmjs.org/universalify/-/universalify-2.0.0.tgz#75a4984efedc4b08975c5aeb73f530d02df25717"
  integrity sha512-hAZsKq7Yy11Zu1DE0OzWjw7nnLZmJZYTDZZyEFHZdUhV8FkH5MCfoU1XMaxXovpyW5nq5scPqq0ZDP9Zyl04oQ==

yallist@^4.0.0:
  version "4.0.0"
  resolved "https://registry.npmjs.org/yallist/-/yallist-4.0.0.tgz#9bb92790d9c0effec63be73519e11a35019a3a72"
  integrity sha512-3wdGidZyq5PB084XLES5TpOSRA3wjXAlIWMhum2kRcv/41Sn2emQ0dycQW4uZXLejwKvg6EsvbdlVL+FYEct7A==
