# THIS IS AN AUTOGENERATED FILE. DO NOT EDIT THIS FILE DIRECTLY.
# yarn lockfile v1

"package1@2.5.5":
  "version" "2.5.5"
  dependencies:
    "package2" "3.4.0"

"package2@3.4.0":
  "version" "3.4.0"
  dependencies:
    "package3" "1.172.0"

"package3@1.172.0":
  "version" "1.172.0"
  dependencies:
    "package1" "2.5.5"
