# This file is generated by running "yarn install" inside your project.
# Manual changes might be lost - proceed with caution!

__metadata:
  version: 6
  cacheKey: 8c0

"@cspotcode/source-map-support@npm:^0.8.0":
  version: 0.8.1
  resolution: "@cspotcode/source-map-support@npm:0.8.1"
  dependencies:
    "@jridgewell/trace-mapping": 0.3.9
  checksum: 05c5368c13b662ee4c122c7bfbe5dc0b613416672a829f3e78bc49a357a197e0218d6e74e7c66cfcd04e15a179acab080bd3c69658c9fbefd0e1ccd950a07fc6
  languageName: node
  linkType: hard

"@jridgewell/resolve-uri@npm:^3.0.3":
  version: 3.1.1
  resolution: "@jridgewell/resolve-uri@npm:3.1.1"
  checksum: 0dbc9e29bc640bbbdc5b9876d2859c69042bfcf1423c1e6421bcca53e826660bff4e41c7d4bcb8dbea696404231a6f902f76ba41835d049e20f2dd6cffb713bf
  languageName: node
  linkType: hard

"@jridgewell/sourcemap-codec@npm:^1.4.10":
  version: 1.4.15
  resolution: "@jridgewell/sourcemap-codec@npm:1.4.15"
  checksum: 0c6b5ae663087558039052a626d2d7ed5208da36cfd707dcc5cea4a07cfc918248403dcb5989a8f7afaf245ce0573b7cc6fd94c4a30453bd10e44d9363940ba5
  languageName: node
  linkType: hard

"@jridgewell/trace-mapping@npm:0.3.9":
  version: 0.3.9
  resolution: "@jridgewell/trace-mapping@npm:0.3.9"
  dependencies:
    "@jridgewell/resolve-uri": ^3.0.3
    "@jridgewell/sourcemap-codec": ^1.4.10
  checksum: fa425b606d7c7ee5bfa6a31a7b050dd5814b4082f318e0e4190f991902181b4330f43f4805db1dd4f2433fd0ed9cc7a7b9c2683f1deeab1df1b0a98b1e24055b
  languageName: node
  linkType: hard

"@tsconfig/node10@npm:^1.0.7":
  version: 1.0.8
  resolution: "@tsconfig/node10@npm:1.0.8"
  checksum: d400f7b5c02acd74620f892c0f41cea39e7c1b5f7f272ad6f127f4b1fba23346b2d8e30d272731a733675494145f6aa74f9faf050390c034c7c553123ab979b3
  languageName: node
  linkType: hard

"@tsconfig/node12@npm:^1.0.7":
  version: 1.0.9
  resolution: "@tsconfig/node12@npm:1.0.9"
  checksum: fc1fb68a89d8a641953036d23d95fe68f69f74d37a499db20791b09543ad23afe7ae9ee0840eea92dd470bdcba69eef6f1ed3fe90ba64d763bcd3f738e364597
  languageName: node
  linkType: hard

"@tsconfig/node14@npm:^1.0.0":
  version: 1.0.1
  resolution: "@tsconfig/node14@npm:1.0.1"
  checksum: abd4e27d9ad712e1e229716a3dbf35d5cbb580d624a82d67414e7606cefd85d502e58800a2ab930d46a428fcfcb199436283b1a88e47d738ca1a5f7fd022ee74
  languageName: node
  linkType: hard

"@tsconfig/node16@npm:^1.0.2":
  version: 1.0.2
  resolution: "@tsconfig/node16@npm:1.0.2"
  checksum: d402706562444a173d48810d13fdf866c78f1b876ed8962eeac6c7cddf4e29e8aaa06dc28093219e3e9eb6316799cf4d9a7acba62c6a4e215ee0c94d83f9081f
  languageName: node
  linkType: hard

"@types/fs-extra@npm:^9.0.13":
  version: 9.0.13
  resolution: "@types/fs-extra@npm:9.0.13"
  dependencies:
    "@types/node": "*"
  checksum: 576d4e9d382393316ed815c593f7f5c157408ec5e184521d077fcb15d514b5a985245f153ef52142b9b976cb9bd8f801850d51238153ebd0dc9e96b7a7548588
  languageName: node
  linkType: hard

"@types/glob@npm:^7.2.0":
  version: 7.2.0
  resolution: "@types/glob@npm:7.2.0"
  dependencies:
    "@types/minimatch": "*"
    "@types/node": "*"
  checksum: a8eb5d5cb5c48fc58c7ca3ff1e1ddf771ee07ca5043da6e4871e6757b4472e2e73b4cfef2644c38983174a4bc728c73f8da02845c28a1212f98cabd293ecae98
  languageName: node
  linkType: hard

"@types/js-yaml@npm:^4.0.4":
  version: 4.0.4
  resolution: "@types/js-yaml@npm:4.0.4"
  checksum: 492132f0fbdc1f22d589913b6a851286cf86bc5bd81bff197948f7d7c3aedcb968dc344892548453454ef27bfffffbe690918ab0a5415b0075b851cd82c4d547
  languageName: node
  linkType: hard

"@types/minimatch@npm:*":
  version: 3.0.5
  resolution: "@types/minimatch@npm:3.0.5"
  checksum: a1a19ba342d6f39b569510f621ae4bbe972dc9378d15e9a5e47904c440ee60744f5b09225bc73be1c6490e3a9c938eee69eb53debf55ce1f15761201aa965f97
  languageName: node
  linkType: hard

"@types/node@npm:*, @types/node@npm:^16.11.5":
  version: 16.11.5
  resolution: "@types/node@npm:16.11.5"
  checksum: 24f33c568f48cb0c97536e02feb5ccf8e7b47d33dd8071157346040947b5e6ffafab1a55042b1c59ed9f16ded6223fcf3345d32de114f35a12747e70ebef397d
  languageName: node
  linkType: hard

"@yarnpkg/parsers@npm:^3.0.0-rc.44":
  version: 3.0.0-rc.44
  resolution: "@yarnpkg/parsers@npm:3.0.0-rc.44"
  dependencies:
    js-yaml: ^3.10.0
    tslib: ^2.4.0
  checksum: b4f6ccec3a4e91332c4f5ae76c8949b25a427062ba0e1e1358591f4de839458af8dd471481be4086de960aa83a781ea7b70bcf4f38b1738dcf8b4309fd2ef2a7
  languageName: node
  linkType: hard

"acorn-walk@npm:^8.1.1":
  version: 8.2.0
  resolution: "acorn-walk@npm:8.2.0"
  checksum: dbe92f5b2452c93e960c5594e666dd1fae141b965ff2cb4a1e1d0381e3e4db4274c5ce4ffa3d681a86ca2a8d4e29d5efc0670a08e23fd2800051ea387df56ca2
  languageName: node
  linkType: hard

"acorn@npm:^8.4.1":
  version: 8.5.0
  resolution: "acorn@npm:8.5.0"
  bin:
    acorn: bin/acorn
  checksum: a0cd0009d215df0c5a6c69ea40a5e784114f1b89d5649d663264ccbb855d4c6b6da6936fed607078b7d681bd8d8f2e730dad25931edbdef709bc4b520c0caa80
  languageName: node
  linkType: hard

"arg@npm:^4.1.0":
  version: 4.1.3
  resolution: "arg@npm:4.1.3"
  checksum: 070ff801a9d236a6caa647507bdcc7034530604844d64408149a26b9e87c2f97650055c0f049abd1efc024b334635c01f29e0b632b371ac3f26130f4cf65997a
  languageName: node
  linkType: hard

"argparse@npm:^1.0.7":
  version: 1.0.10
  resolution: "argparse@npm:1.0.10"
  dependencies:
    sprintf-js: ~1.0.2
  checksum: b2972c5c23c63df66bca144dbc65d180efa74f25f8fd9b7d9a0a6c88ae839db32df3d54770dcb6460cf840d232b60695d1a6b1053f599d84e73f7437087712de
  languageName: node
  linkType: hard

"argparse@npm:^2.0.1":
  version: 2.0.1
  resolution: "argparse@npm:2.0.1"
  checksum: c5640c2d89045371c7cedd6a70212a04e360fd34d6edeae32f6952c63949e3525ea77dbec0289d8213a99bbaeab5abfa860b5c12cf88a2e6cf8106e90dd27a7e
  languageName: node
  linkType: hard

"asynckit@npm:^0.4.0":
  version: 0.4.0
  resolution: "asynckit@npm:0.4.0"
  checksum: d73e2ddf20c4eb9337e1b3df1a0f6159481050a5de457c55b14ea2e5cb6d90bb69e004c9af54737a5ee0917fcf2c9e25de67777bbe58261847846066ba75bc9d
  languageName: node
  linkType: hard

"axios@npm:^1.6.7":
  version: 1.8.2
  resolution: "axios@npm:1.8.2"
  dependencies:
    follow-redirects: ^1.15.6
    form-data: ^4.0.0
    proxy-from-env: ^1.1.0
  checksum: d8c2969e4642dc6d39555ac58effe06c051ba7aac2bd40cad7a9011c019fb2f16ee011c5a6906cb25b8a4f87258c359314eb981f852e60ad445ecaeb793c7aa2
  languageName: node
  linkType: hard

"balanced-match@npm:^1.0.0":
  version: 1.0.2
  resolution: "balanced-match@npm:1.0.2"
  checksum: 9308baf0a7e4838a82bbfd11e01b1cb0f0cf2893bc1676c27c2a8c0e70cbae1c59120c3268517a8ae7fb6376b4639ef81ca22582611dbee4ed28df945134aaee
  languageName: node
  linkType: hard

"brace-expansion@npm:^1.1.7":
  version: 1.1.12
  resolution: "brace-expansion@npm:1.1.12"
  dependencies:
    balanced-match: ^1.0.0
    concat-map: 0.0.1
  checksum: 975fecac2bb7758c062c20d0b3b6288c7cc895219ee25f0a64a9de662dbac981ff0b6e89909c3897c1f84fa353113a721923afdec5f8b2350255b097f12b1f73
  languageName: node
  linkType: hard

"combined-stream@npm:^1.0.8":
  version: 1.0.8
  resolution: "combined-stream@npm:1.0.8"
  dependencies:
    delayed-stream: ~1.0.0
  checksum: 0dbb829577e1b1e839fa82b40c07ffaf7de8a09b935cadd355a73652ae70a88b4320db322f6634a4ad93424292fa80973ac6480986247f1734a1137debf271d5
  languageName: node
  linkType: hard

"concat-map@npm:0.0.1":
  version: 0.0.1
  resolution: "concat-map@npm:0.0.1"
  checksum: c996b1cfdf95b6c90fee4dae37e332c8b6eb7d106430c17d538034c0ad9a1630cb194d2ab37293b1bdd4d779494beee7786d586a50bd9376fd6f7bcc2bd4c98f
  languageName: node
  linkType: hard

"create-require@npm:^1.1.0":
  version: 1.1.1
  resolution: "create-require@npm:1.1.1"
  checksum: 157cbc59b2430ae9a90034a5f3a1b398b6738bf510f713edc4d4e45e169bc514d3d99dd34d8d01ca7ae7830b5b8b537e46ae8f3c8f932371b0875c0151d7ec91
  languageName: node
  linkType: hard

"cross-spawn@npm:^7.0.3":
  version: 7.0.6
  resolution: "cross-spawn@npm:7.0.6"
  dependencies:
    path-key: ^3.1.0
    shebang-command: ^2.0.0
    which: ^2.0.1
  checksum: 053ea8b2135caff68a9e81470e845613e374e7309a47731e81639de3eaeb90c3d01af0e0b44d2ab9d50b43467223b88567dfeb3262db942dc063b9976718ffc1
  languageName: node
  linkType: hard

"delayed-stream@npm:~1.0.0":
  version: 1.0.0
  resolution: "delayed-stream@npm:1.0.0"
  checksum: d758899da03392e6712f042bec80aa293bbe9e9ff1b2634baae6a360113e708b91326594c8a486d475c69d6259afb7efacdc3537bfcda1c6c648e390ce601b19
  languageName: node
  linkType: hard

"diff@npm:^4.0.1":
  version: 4.0.2
  resolution: "diff@npm:4.0.2"
  checksum: 81b91f9d39c4eaca068eb0c1eb0e4afbdc5bb2941d197f513dd596b820b956fef43485876226d65d497bebc15666aa2aa82c679e84f65d5f2bfbf14ee46e32c1
  languageName: node
  linkType: hard

"esprima@npm:^4.0.0":
  version: 4.0.1
  resolution: "esprima@npm:4.0.1"
  bin:
    esparse: ./bin/esparse.js
    esvalidate: ./bin/esvalidate.js
  checksum: ad4bab9ead0808cf56501750fd9d3fb276f6b105f987707d059005d57e182d18a7c9ec7f3a01794ebddcca676773e42ca48a32d67a250c9d35e009ca613caba3
  languageName: node
  linkType: hard

"execa@npm:^5.1.1":
  version: 5.1.1
  resolution: "execa@npm:5.1.1"
  dependencies:
    cross-spawn: ^7.0.3
    get-stream: ^6.0.0
    human-signals: ^2.1.0
    is-stream: ^2.0.0
    merge-stream: ^2.0.0
    npm-run-path: ^4.0.1
    onetime: ^5.1.2
    signal-exit: ^3.0.3
    strip-final-newline: ^2.0.0
  checksum: c8e615235e8de4c5addf2fa4c3da3e3aa59ce975a3e83533b4f6a71750fb816a2e79610dc5f1799b6e28976c9ae86747a36a606655bf8cb414a74d8d507b304f
  languageName: node
  linkType: hard

"follow-redirects@npm:^1.15.6":
  version: 1.15.6
  resolution: "follow-redirects@npm:1.15.6"
  peerDependenciesMeta:
    debug:
      optional: true
  checksum: 9ff767f0d7be6aa6870c82ac79cf0368cd73e01bbc00e9eb1c2a16fbb198ec105e3c9b6628bb98e9f3ac66fe29a957b9645bcb9a490bb7aa0d35f908b6b85071
  languageName: node
  linkType: hard

"form-data@npm:^4.0.0":
  version: 4.0.0
  resolution: "form-data@npm:4.0.0"
  dependencies:
    asynckit: ^0.4.0
    combined-stream: ^1.0.8
    mime-types: ^2.1.12
  checksum: cb6f3ac49180be03ff07ba3ff125f9eba2ff0b277fb33c7fc47569fc5e616882c5b1c69b9904c4c4187e97dd0419dd03b134174756f296dec62041e6527e2c6e
  languageName: node
  linkType: hard

"fs-extra@npm:^10.0.0":
  version: 10.0.0
  resolution: "fs-extra@npm:10.0.0"
  dependencies:
    graceful-fs: ^4.2.0
    jsonfile: ^6.0.1
    universalify: ^2.0.0
  checksum: 85802f3d9e49d197744a8372f0d78d5a1faa3df73f4c5375d6366a4b9f745197d3da1f095841443d50f29a9f81cdc01363eb6d17bef2ba70c268559368211040
  languageName: node
  linkType: hard

"fs.realpath@npm:^1.0.0":
  version: 1.0.0
  resolution: "fs.realpath@npm:1.0.0"
  checksum: 444cf1291d997165dfd4c0d58b69f0e4782bfd9149fd72faa4fe299e68e0e93d6db941660b37dd29153bf7186672ececa3b50b7e7249477b03fdf850f287c948
  languageName: node
  linkType: hard

"get-stream@npm:^6.0.0":
  version: 6.0.1
  resolution: "get-stream@npm:6.0.1"
  checksum: 49825d57d3fd6964228e6200a58169464b8e8970489b3acdc24906c782fb7f01f9f56f8e6653c4a50713771d6658f7cfe051e5eb8c12e334138c9c918b296341
  languageName: node
  linkType: hard

"glob@npm:^7.2.0":
  version: 7.2.0
  resolution: "glob@npm:7.2.0"
  dependencies:
    fs.realpath: ^1.0.0
    inflight: ^1.0.4
    inherits: 2
    minimatch: ^3.0.4
    once: ^1.3.0
    path-is-absolute: ^1.0.0
  checksum: 478b40e38be5a3d514e64950e1e07e0ac120585add6a37c98d0ed24d72d9127d734d2a125786073c8deb687096e84ae82b641c441a869ada3a9cc91b68978632
  languageName: node
  linkType: hard

"graceful-fs@npm:^4.1.6, graceful-fs@npm:^4.2.0":
  version: 4.2.8
  resolution: "graceful-fs@npm:4.2.8"
  checksum: 68365485460f7d2e95c05c1b7aeee935349f3b7776488d5bd95a45d8a45bd4977442e88cbbdb4ea01bc72f49f01f75d83f049069774ac8cc4328af4bcff1c542
  languageName: node
  linkType: hard

"human-signals@npm:^2.1.0":
  version: 2.1.0
  resolution: "human-signals@npm:2.1.0"
  checksum: 695edb3edfcfe9c8b52a76926cd31b36978782062c0ed9b1192b36bebc75c4c87c82e178dfcb0ed0fc27ca59d434198aac0bd0be18f5781ded775604db22304a
  languageName: node
  linkType: hard

"inflight@npm:^1.0.4":
  version: 1.0.6
  resolution: "inflight@npm:1.0.6"
  dependencies:
    once: ^1.3.0
    wrappy: 1
  checksum: 7faca22584600a9dc5b9fca2cd5feb7135ac8c935449837b315676b4c90aa4f391ec4f42240178244b5a34e8bede1948627fda392ca3191522fc46b34e985ab2
  languageName: node
  linkType: hard

"inherits@npm:2":
  version: 2.0.4
  resolution: "inherits@npm:2.0.4"
  checksum: 4e531f648b29039fb7426fb94075e6545faa1eb9fe83c29f0b6d9e7263aceb4289d2d4557db0d428188eeb449cc7c5e77b0a0b2c4e248ff2a65933a0dee49ef2
  languageName: node
  linkType: hard

"is-stream@npm:^2.0.0":
  version: 2.0.1
  resolution: "is-stream@npm:2.0.1"
  checksum: 7c284241313fc6efc329b8d7f08e16c0efeb6baab1b4cd0ba579eb78e5af1aa5da11e68559896a2067cd6c526bd29241dda4eb1225e627d5aa1a89a76d4635a5
  languageName: node
  linkType: hard

"isexe@npm:^2.0.0":
  version: 2.0.0
  resolution: "isexe@npm:2.0.0"
  checksum: 228cfa503fadc2c31596ab06ed6aa82c9976eec2bfd83397e7eaf06d0ccf42cd1dfd6743bf9aeb01aebd4156d009994c5f76ea898d2832c1fe342da923ca457d
  languageName: node
  linkType: hard

"js-yaml@npm:^3.10.0":
  version: 3.14.1
  resolution: "js-yaml@npm:3.14.1"
  dependencies:
    argparse: ^1.0.7
    esprima: ^4.0.0
  bin:
    js-yaml: bin/js-yaml.js
  checksum: 6746baaaeac312c4db8e75fa22331d9a04cccb7792d126ed8ce6a0bbcfef0cedaddd0c5098fade53db067c09fe00aa1c957674b4765610a8b06a5a189e46433b
  languageName: node
  linkType: hard

"js-yaml@npm:^4.1.0":
  version: 4.1.0
  resolution: "js-yaml@npm:4.1.0"
  dependencies:
    argparse: ^2.0.1
  bin:
    js-yaml: bin/js-yaml.js
  checksum: 184a24b4eaacfce40ad9074c64fd42ac83cf74d8c8cd137718d456ced75051229e5061b8633c3366b8aada17945a7a356b337828c19da92b51ae62126575018f
  languageName: node
  linkType: hard

"jsonfile@npm:^6.0.1":
  version: 6.1.0
  resolution: "jsonfile@npm:6.1.0"
  dependencies:
    graceful-fs: ^4.1.6
    universalify: ^2.0.0
  dependenciesMeta:
    graceful-fs:
      optional: true
  checksum: 4f95b5e8a5622b1e9e8f33c96b7ef3158122f595998114d1e7f03985649ea99cb3cd99ce1ed1831ae94c8c8543ab45ebd044207612f31a56fd08462140e46865
  languageName: node
  linkType: hard

"make-error@npm:^1.1.1":
  version: 1.3.6
  resolution: "make-error@npm:1.3.6"
  checksum: 171e458d86854c6b3fc46610cfacf0b45149ba043782558c6875d9f42f222124384ad0b468c92e996d815a8a2003817a710c0a160e49c1c394626f76fa45396f
  languageName: node
  linkType: hard

"merge-stream@npm:^2.0.0":
  version: 2.0.0
  resolution: "merge-stream@npm:2.0.0"
  checksum: 867fdbb30a6d58b011449b8885601ec1690c3e41c759ecd5a9d609094f7aed0096c37823ff4a7190ef0b8f22cc86beb7049196ff68c016e3b3c671d0dac91ce5
  languageName: node
  linkType: hard

"mime-db@npm:1.52.0":
  version: 1.52.0
  resolution: "mime-db@npm:1.52.0"
  checksum: 0557a01deebf45ac5f5777fe7740b2a5c309c6d62d40ceab4e23da9f821899ce7a900b7ac8157d4548ddbb7beffe9abc621250e6d182b0397ec7f10c7b91a5aa
  languageName: node
  linkType: hard

"mime-types@npm:^2.1.12":
  version: 2.1.35
  resolution: "mime-types@npm:2.1.35"
  dependencies:
    mime-db: 1.52.0
  checksum: 82fb07ec56d8ff1fc999a84f2f217aa46cb6ed1033fefaabd5785b9a974ed225c90dc72fff460259e66b95b73648596dbcc50d51ed69cdf464af2d237d3149b2
  languageName: node
  linkType: hard

"mimic-fn@npm:^2.1.0":
  version: 2.1.0
  resolution: "mimic-fn@npm:2.1.0"
  checksum: b26f5479d7ec6cc2bce275a08f146cf78f5e7b661b18114e2506dd91ec7ec47e7a25bf4360e5438094db0560bcc868079fb3b1fb3892b833c1ecbf63f80c95a4
  languageName: node
  linkType: hard

"minimatch@npm:^3.0.4":
  version: 3.0.4
  resolution: "minimatch@npm:3.0.4"
  dependencies:
    brace-expansion: ^1.1.7
  checksum: d0a2bcd93ebec08a9eef3ca83ba33c9fb6feb93932e0b4dc6aa46c5f37a9404bea7ad9ff7cafe23ce6634f1fe3b206f5315ecbb05812da6e692c21d8ecfd3dae
  languageName: node
  linkType: hard

"npm-run-path@npm:^4.0.1":
  version: 4.0.1
  resolution: "npm-run-path@npm:4.0.1"
  dependencies:
    path-key: ^3.0.0
  checksum: 6f9353a95288f8455cf64cbeb707b28826a7f29690244c1e4bb61ec573256e021b6ad6651b394eb1ccfd00d6ec50147253aba2c5fe58a57ceb111fad62c519ac
  languageName: node
  linkType: hard

"once@npm:^1.3.0":
  version: 1.4.0
  resolution: "once@npm:1.4.0"
  dependencies:
    wrappy: 1
  checksum: 5d48aca287dfefabd756621c5dfce5c91a549a93e9fdb7b8246bc4c4790aa2ec17b34a260530474635147aeb631a2dcc8b32c613df0675f96041cbb8244517d0
  languageName: node
  linkType: hard

"onetime@npm:^5.1.2":
  version: 5.1.2
  resolution: "onetime@npm:5.1.2"
  dependencies:
    mimic-fn: ^2.1.0
  checksum: ffcef6fbb2692c3c40749f31ea2e22677a876daea92959b8a80b521d95cca7a668c884d8b2045d1d8ee7d56796aa405c405462af112a1477594cc63531baeb8f
  languageName: node
  linkType: hard

"path-is-absolute@npm:^1.0.0":
  version: 1.0.1
  resolution: "path-is-absolute@npm:1.0.1"
  checksum: 127da03c82172a2a50099cddbf02510c1791fc2cc5f7713ddb613a56838db1e8168b121a920079d052e0936c23005562059756d653b7c544c53185efe53be078
  languageName: node
  linkType: hard

"path-key@npm:^3.0.0, path-key@npm:^3.1.0":
  version: 3.1.1
  resolution: "path-key@npm:3.1.1"
  checksum: 748c43efd5a569c039d7a00a03b58eecd1d75f3999f5a28303d75f521288df4823bc057d8784eb72358b2895a05f29a070bc9f1f17d28226cc4e62494cc58c4c
  languageName: node
  linkType: hard

"proxy-from-env@npm:^1.1.0":
  version: 1.1.0
  resolution: "proxy-from-env@npm:1.1.0"
  checksum: fe7dd8b1bdbbbea18d1459107729c3e4a2243ca870d26d34c2c1bcd3e4425b7bcc5112362df2d93cc7fb9746f6142b5e272fd1cc5c86ddf8580175186f6ad42b
  languageName: node
  linkType: hard

"scripts@workspace:.":
  version: 0.0.0-use.local
  resolution: "scripts@workspace:."
  dependencies:
    "@types/fs-extra": ^9.0.13
    "@types/glob": ^7.2.0
    "@types/js-yaml": ^4.0.4
    "@types/node": ^16.11.5
    "@yarnpkg/parsers": ^3.0.0-rc.44
    axios: ^1.6.7
    execa: ^5.1.1
    fs-extra: ^10.0.0
    glob: ^7.2.0
    js-yaml: ^4.1.0
    ts-node: ^10.9.1
    typescript: ^4.9.5
  languageName: unknown
  linkType: soft

"shebang-command@npm:^2.0.0":
  version: 2.0.0
  resolution: "shebang-command@npm:2.0.0"
  dependencies:
    shebang-regex: ^3.0.0
  checksum: a41692e7d89a553ef21d324a5cceb5f686d1f3c040759c50aab69688634688c5c327f26f3ecf7001ebfd78c01f3c7c0a11a7c8bfd0a8bc9f6240d4f40b224e4e
  languageName: node
  linkType: hard

"shebang-regex@npm:^3.0.0":
  version: 3.0.0
  resolution: "shebang-regex@npm:3.0.0"
  checksum: 1dbed0726dd0e1152a92696c76c7f06084eb32a90f0528d11acd764043aacf76994b2fb30aa1291a21bd019d6699164d048286309a278855ee7bec06cf6fb690
  languageName: node
  linkType: hard

"signal-exit@npm:^3.0.3":
  version: 3.0.5
  resolution: "signal-exit@npm:3.0.5"
  checksum: 196edc741ff77e19aa80086b608ef15156ad46c927d4039a6e66d034743ab814f541d125f898861a02cfc028825d5597d5db5c45c57f8a80f3de5d186c5a0d14
  languageName: node
  linkType: hard

"sprintf-js@npm:~1.0.2":
  version: 1.0.3
  resolution: "sprintf-js@npm:1.0.3"
  checksum: ecadcfe4c771890140da5023d43e190b7566d9cf8b2d238600f31bec0fc653f328da4450eb04bd59a431771a8e9cc0e118f0aa3974b683a4981b4e07abc2a5bb
  languageName: node
  linkType: hard

"strip-final-newline@npm:^2.0.0":
  version: 2.0.0
  resolution: "strip-final-newline@npm:2.0.0"
  checksum: bddf8ccd47acd85c0e09ad7375409d81653f645fda13227a9d459642277c253d877b68f2e5e4d819fe75733b0e626bac7e954c04f3236f6d196f79c94fa4a96f
  languageName: node
  linkType: hard

"ts-node@npm:^10.9.1":
  version: 10.9.1
  resolution: "ts-node@npm:10.9.1"
  dependencies:
    "@cspotcode/source-map-support": ^0.8.0
    "@tsconfig/node10": ^1.0.7
    "@tsconfig/node12": ^1.0.7
    "@tsconfig/node14": ^1.0.0
    "@tsconfig/node16": ^1.0.2
    acorn: ^8.4.1
    acorn-walk: ^8.1.1
    arg: ^4.1.0
    create-require: ^1.1.0
    diff: ^4.0.1
    make-error: ^1.1.1
    v8-compile-cache-lib: ^3.0.1
    yn: 3.1.1
  peerDependencies:
    "@swc/core": ">=1.2.50"
    "@swc/wasm": ">=1.2.50"
    "@types/node": "*"
    typescript: ">=2.7"
  peerDependenciesMeta:
    "@swc/core":
      optional: true
    "@swc/wasm":
      optional: true
  bin:
    ts-node: dist/bin.js
    ts-node-cwd: dist/bin-cwd.js
    ts-node-esm: dist/bin-esm.js
    ts-node-script: dist/bin-script.js
    ts-node-transpile-only: dist/bin-transpile.js
    ts-script: dist/bin-script-deprecated.js
  checksum: 95187932fb83f3901e22546bd2feeac7d2feb4f412f42ac3a595f049a23e8dcf70516dffb51866391228ea2dbcfaea039e250fb2bb334d48a86ab2b6aea0ae2d
  languageName: node
  linkType: hard

"tslib@npm:^2.4.0":
  version: 2.5.2
  resolution: "tslib@npm:2.5.2"
  checksum: 34fa100454708fa8acb7afc2b07d80e0332081e2075ddd912ba959af3b24f969663dac6d602961e57371dc05683badb83b3186ada92c4631ec777e02e3aab608
  languageName: node
  linkType: hard

"typescript@npm:^4.9.5":
  version: 4.9.5
  resolution: "typescript@npm:4.9.5"
  bin:
    tsc: bin/tsc
    tsserver: bin/tsserver
  checksum: 5f6cad2e728a8a063521328e612d7876e12f0d8a8390d3b3aaa452a6a65e24e9ac8ea22beb72a924fd96ea0a49ea63bb4e251fb922b12eedfb7f7a26475e5c56
  languageName: node
  linkType: hard

"typescript@patch:typescript@^4.9.5#~builtin<compat/typescript>":
  version: 4.9.5
  resolution: "typescript@patch:typescript@npm%3A4.9.5#~builtin<compat/typescript>::version=4.9.5&hash=23ec76"
  bin:
    tsc: bin/tsc
    tsserver: bin/tsserver
  checksum: 10d31da0caa997927eab0167b7ddacb9ac8d3fd87e6584185b14da32b7f033e727309682fc0395021f4ac110860a3be6054e9b039a996a24d282a20bafc599f4
  languageName: node
  linkType: hard

"universalify@npm:^2.0.0":
  version: 2.0.0
  resolution: "universalify@npm:2.0.0"
  checksum: 07092b9f46df61b823d8ab5e57f0ee5120c178b39609a95e4a15a98c42f6b0b8e834e66fbb47ff92831786193be42f1fd36347169b88ce8639d0f9670af24a71
  languageName: node
  linkType: hard

"v8-compile-cache-lib@npm:^3.0.1":
  version: 3.0.1
  resolution: "v8-compile-cache-lib@npm:3.0.1"
  checksum: bdc36fb8095d3b41df197f5fb6f11e3a26adf4059df3213e3baa93810d8f0cc76f9a74aaefc18b73e91fe7e19154ed6f134eda6fded2e0f1c8d2272ed2d2d391
  languageName: node
  linkType: hard

"which@npm:^2.0.1":
  version: 2.0.2
  resolution: "which@npm:2.0.2"
  dependencies:
    isexe: ^2.0.0
  bin:
    node-which: ./bin/node-which
  checksum: 66522872a768b60c2a65a57e8ad184e5372f5b6a9ca6d5f033d4b0dc98aff63995655a7503b9c0a2598936f532120e81dd8cc155e2e92ed662a2b9377cc4374f
  languageName: node
  linkType: hard

"wrappy@npm:1":
  version: 1.0.2
  resolution: "wrappy@npm:1.0.2"
  checksum: 56fece1a4018c6a6c8e28fbc88c87e0fbf4ea8fd64fc6c63b18f4acc4bd13e0ad2515189786dd2c30d3eec9663d70f4ecf699330002f8ccb547e4a18231fc9f0
  languageName: node
  linkType: hard

"yn@npm:3.1.1":
  version: 3.1.1
  resolution: "yn@npm:3.1.1"
  checksum: 0732468dd7622ed8a274f640f191f3eaf1f39d5349a1b72836df484998d7d9807fbea094e2f5486d6b0cd2414aad5775972df0e68f8604db89a239f0f4bf7443
  languageName: node
  linkType: hard
